
Microsoft Visual Studio Solution File, Format Version 12.00
# Visual Studio Version 16
VisualStudioVersion = 16.0.30204.135
MinimumVisualStudioVersion = 10.0.40219.1
Project("{FAE04EC0-301F-11D3-BF4B-00C04F79EFBC}") = "PROJE", "PROJE.csproj", "{E29A4FA9-2B51-4C0D-B84B-938B5E7A90A8}"
EndProject
Global
	GlobalSection(SolutionConfigurationPlatforms) = preSolution
		Debug|Any CPU = Debug|Any CPU
		Release|Any CPU = Release|Any CPU
	EndGlobalSection
	GlobalSection(ProjectConfigurationPlatforms) = postSolution
		{E29A4FA9-2B51-4C0D-B84B-938B5E7A90A8}.Debug|Any CPU.ActiveCfg = Debug|Any CPU
		{E29A4FA9-2B51-4C0D-B84B-938B5E7A90A8}.Debug|Any CPU.Build.0 = Debug|Any CPU
		{E29A4FA9-2B51-4C0D-B84B-938B5E7A90A8}.Release|Any CPU.ActiveCfg = Release|Any CPU
		{E29A4FA9-2B51-4C0D-B84B-938B5E7A90A8}.Release|Any CPU.Build.0 = Release|Any CPU
	EndGlobalSection
	GlobalSection(SolutionProperties) = preSolution
		HideSolutionNode = FALSE
	EndGlobalSection
	GlobalSection(ExtensibilityGlobals) = postSolution
		SolutionGuid = {9F833C8F-E7E0-4167-ACE6-708EFDA3113A}
	EndGlobalSection
EndGlobal
